// !$*UTF8*$!
{
	archiveVersion = 1;
	classes = {
	};
	objectVersion = 50;
	objects = {

/* Begin PBXBuildFile section */
		19FCFDB326FAFA6E0009B744 /* AppDelegate.swift in Sources */ = {isa = PBXBuildFile; fileRef = 19FCFDB226FAFA6E0009B744 /* AppDelegate.swift */; };
		19FCFDB526FAFA6E0009B744 /* ContentView.swift in Sources */ = {isa = PBXBuildFile; fileRef = 19FCFDB426FAFA6E0009B744 /* ContentView.swift */; };
		19FCFDB726FAFA6E0009B744 /* Experience.rcproject in Sources */ = {isa = PBXBuildFile; fileRef = 19FCFDB626FAFA6E0009B744 /* Experience.rcproject */; };
		19FCFDB926FAFA700009B744 /* Assets.xcassets in Resources */ = {isa = PBXBuildFile; fileRef = 19FCFDB826FAFA700009B744 /* Assets.xcassets */; };
		19FCFDBC26FAFA700009B744 /* Preview Assets.xcassets in Resources */ = {isa = PBXBuildFile; fileRef = 19FCFDBB26FAFA700009B744 /* Preview Assets.xcassets */; };
		19FCFDBF26FAFA700009B744 /* LaunchScreen.storyboard in Resources */ = {isa = PBXBuildFile; fileRef = 19FCFDBD26FAFA700009B744 /* LaunchScreen.storyboard */; };
/* End PBXBuildFile section */

/* Begin PBXFileReference section */
		19FCFDAF26FAFA6E0009B744 /* FaceAR.app */ = {isa = PBXFileReference; explicitFileType = wrapper.application; includeInIndex = 0; path = FaceAR.app; sourceTree = BUILT_PRODUCTS_DIR; };
		19FCFDB226FAFA6E0009B744 /* AppDelegate.swift */ = {isa = PBXFileReference; lastKnownFileType = sourcecode.swift; path = AppDelegate.swift; sourceTree = "<group>"; };
		19FCFDB426FAFA6E0009B744 /* ContentView.swift */ = {isa = PBXFileReference; lastKnownFileType = sourcecode.swift; path = ContentView.swift; sourceTree = "<group>"; };
		19FCFDB626FAFA6E0009B744 /* Experience.rcproject */ = {isa = PBXFileReference; lastKnownFileType = file.rcproject; path = Experience.rcproject; sourceTree = "<group>"; };
		19FCFDB826FAFA700009B744 /* Assets.xcassets */ = {isa = PBXFileReference; lastKnownFileType = folder.assetcatalog; path = Assets.xcassets; sourceTree = "<group>"; };
		19FCFDBB26FAFA700009B744 /* Preview Assets.xcassets */ = {isa = PBXFileReference; lastKnownFileType = folder.assetcatalog; path = "Preview Assets.xcassets"; sourceTree = "<group>"; };
		19FCFDBE26FAFA700009B744 /* Base */ = {isa = PBXFileReference; lastKnownFileType = file.storyboard; name = Base; path = Base.lproj/LaunchScreen.storyboard; sourceTree = "<group>"; };
		19FCFDC026FAFA700009B744 /* Info.plist */ = {isa = PBXFileReference; lastKnownFileType = text.plist.xml; path = Info.plist; sourceTree = "<group>"; };
/* End PBXFileReference section */

/* Begin PBXFrameworksBuildPhase section */
		19FCFDAC26FAFA6E0009B744 /* Frameworks */ = {
			isa = PBXFrameworksBuildPhase;
			buildActionMask = 2147483647;
			files = (
			);
			runOnlyForDeploymentPostprocessing = 0;
		};
/* End PBXFrameworksBuildPhase section */

/* Begin PBXGroup section */
		19FCFDA626FAFA6E0009B744 = {
			isa = PBXGroup;
			children = (
				19FCFDB126FAFA6E0009B744 /* FaceAR */,
				19FCFDB026FAFA6E0009B744 /* Products */,
			);
			sourceTree = "<group>";
		};
		19FCFDB026FAFA6E0009B744 /* Products */ = {
			isa = PBXGroup;
			children = (
				19FCFDAF26FAFA6E0009B744 /* FaceAR.app */,
			);
			name = Products;
			sourceTree = "<group>";
		};
		19FCFDB126FAFA6E0009B744 /* FaceAR */ = {
			isa = PBXGroup;
			children = (
				19FCFDB226FAFA6E0009B744 /* AppDelegate.swift */,
				19FCFDB426FAFA6E0009B744 /* ContentView.swift */,
				19FCFDB626FAFA6E0009B744 /* Experience.rcproject */,
				19FCFDB826FAFA700009B744 /* Assets.xcassets */,
				19FCFDBD26FAFA700009B744 /* LaunchScreen.storyboard */,
				19FCFDC026FAFA700009B744 /* Info.plist */,
				19FCFDBA26FAFA700009B744 /* Preview Content */,
			);
			path = FaceAR;
			sourceTree = "<group>";
		};
		19FCFDBA26FAFA700009B744 /* Preview Content */ = {
			isa = PBXGroup;
			children = (
				19FCFDBB26FAFA700009B744 /* Preview Assets.xcassets */,
			);
			path = "Preview Content";
			sourceTree = "<group>";
		};
/* End PBXGroup section */

/* Begin PBXNativeTarget section */
		19FCFDAE26FAFA6E0009B744 /* FaceAR */ = {
			isa = PBXNativeTarget;
			buildConfigurationList = 19FCFDC326FAFA700009B744 /* Build configuration list for PBXNativeTarget "FaceAR" */;
			buildPhases = (
				19FCFDAB26FAFA6E0009B744 /* Sources */,
				19FCFDAC26FAFA6E0009B744 /* Frameworks */,
				19FCFDAD26FAFA6E0009B744 /* Resources */,
			);
			buildRules = (
			);
			dependencies = (
			);
			name = FaceAR;
			productName = FaceAR;
			productReference = 19FCFDAF26FAFA6E0009B744 /* FaceAR.app */;
			productType = "com.apple.product-type.application";
		};
/* End PBXNativeTarget section */

/* Begin PBXProject section */
		19FCFDA726FAFA6E0009B744 /* Project object */ = {
			isa = PBXProject;
			attributes = {
				LastSwiftUpdateCheck = 1250;
				LastUpgradeCheck = 1250;
				TargetAttributes = {
					19FCFDAE26FAFA6E0009B744 = {
						CreatedOnToolsVersion = 12.5.1;
					};
				};
			};
			buildConfigurationList = 19FCFDAA26FAFA6E0009B744 /* Build configuration list for PBXProject "FaceAR" */;
			compatibilityVersion = "Xcode 9.3";
			developmentRegion = en;
			hasScannedForEncodings = 0;
			knownRegions = (
				en,
				Base,
			);
			mainGroup = 19FCFDA626FAFA6E0009B744;
			productRefGroup = 19FCFDB026FAFA6E0009B744 /* Products */;
			projectDirPath = "";
			projectRoot = "";
			targets = (
				19FCFDAE26FAFA6E0009B744 /* FaceAR */,
			);
		};
/* End PBXProject section */

/* Begin PBXResourcesBuildPhase section */
		19FCFDAD26FAFA6E0009B744 /* Resources */ = {
			isa = PBXResourcesBuildPhase;
			buildActionMask = 2147483647;
			files = (
				19FCFDBF26FAFA700009B744 /* LaunchScreen.storyboard in Resources */,
				19FCFDBC26FAFA700009B744 /* Preview Assets.xcassets in Resources */,
				19FCFDB926FAFA700009B744 /* Assets.xcassets in Resources */,
			);
			runOnlyForDeploymentPostprocessing = 0;
		};
/* End PBXResourcesBuildPhase section */

/* Begin PBXSourcesBuildPhase section */
		19FCFDAB26FAFA6E0009B744 /* Sources */ = {
			isa = PBXSourcesBuildPhase;
			buildActionMask = 2147483647;
			files = (
				19FCFDB526FAFA6E0009B744 /* ContentView.swift in Sources */,
				19FCFDB326FAFA6E0009B744 /* AppDelegate.swift in Sources */,
				19FCFDB726FAFA6E0009B744 /* Experience.rcproject in Sources */,
			);
			runOnlyForDeploymentPostprocessing = 0;
		};
/* End PBXSourcesBuildPhase section */

/* Begin PBXVariantGroup section */
		19FCFDBD26FAFA700009B744 /* LaunchScreen.storyboard */ = {
			isa = PBXVariantGroup;
			children = (
				19FCFDBE26FAFA700009B744 /* Base */,
			);
			name = LaunchScreen.storyboard;
			sourceTree = "<group>";
		};
/* End PBXVariantGroup section */

/* Begin XCBuildConfiguration section */
		19FCFDC126FAFA700009B744 /* Debug */ = {
			isa = XCBuildConfiguration;
			buildSettings = {
				ALWAYS_SEARCH_USER_PATHS = NO;
				CLANG_ANALYZER_NONNULL = YES;
				CLANG_ANALYZER_NUMBER_OBJECT_CONVERSION = YES_AGGRESSIVE;
				CLANG_CXX_LANGUAGE_STANDARD = "gnu++14";
				CLANG_CXX_LIBRARY = "libc++";
				CLANG_ENABLE_MODULES = YES;
				CLANG_ENABLE_OBJC_ARC = YES;
				CLANG_ENABLE_OBJC_WEAK = YES;
				CLANG_WARN_BLOCK_CAPTURE_AUTORELEASING = YES;
				CLANG_WARN_BOOL_CONVERSION = YES;
				CLANG_WARN_COMMA = YES;
				CLANG_WARN_CONSTANT_CONVERSION = YES;
				CLANG_WARN_DEPRECATED_OBJC_IMPLEMENTATIONS = YES;
				CLANG_WARN_DIRECT_OBJC_ISA_USAGE = YES_ERROR;
				CLANG_WARN_DOCUMENTATION_COMMENTS = YES;
				CLANG_WARN_EMPTY_BODY = YES;
				CLANG_WARN_ENUM_CONVERSION = YES;
				CLANG_WARN_INFINITE_RECURSION = YES;
				CLANG_WARN_INT_CONVERSION = YES;
				CLANG_WARN_NON_LITERAL_NULL_CONVERSION = YES;
				CLANG_WARN_OBJC_IMPLICIT_RETAIN_SELF = YES;
				CLANG_WARN_OBJC_LITERAL_CONVERSION = YES;
				CLANG_WARN_OBJC_ROOT_CLASS = YES_ERROR;
				CLANG_WARN_QUOTED_INCLUDE_IN_FRAMEWORK_HEADER = YES;
				CLANG_WARN_RANGE_LOOP_ANALYSIS = YES;
				CLANG_WARN_STRICT_PROTOTYPES = YES;
				CLANG_WARN_SUSPICIOUS_MOVE = YES;
				CLANG_WARN_UNGUARDED_AVAILABILITY = YES_AGGRESSIVE;
				CLANG_WARN_UNREACHABLE_CODE = YES;
				CLANG_WARN__DUPLICATE_METHOD_MATCH = YES;
				COPY_PHASE_STRIP = NO;
				DEBUG_INFORMATION_FORMAT = dwarf;
				ENABLE_STRICT_OBJC_MSGSEND = YES;
				ENABLE_TESTABILITY = YES;
				GCC_C_LANGUAGE_STANDARD = gnu11;
				GCC_DYNAMIC_NO_PIC = NO;
				GCC_NO_COMMON_BLOCKS = YES;
				GCC_OPTIMIZATION_LEVEL = 0;
				GCC_PREPROCESSOR_DEFINITIONS = (
					"DEBUG=1",
					"$(inherited)",
				);
				GCC_WARN_64_TO_32_BIT_CONVERSION = YES;
				GCC_WARN_ABOUT_RETURN_TYPE = YES_ERROR;
				GCC_WARN_UNDECLARED_SELECTOR = YES;
				GCC_WARN_UNINITIALIZED_AUTOS = YES_AGGRESSIVE;
				GCC_WARN_UNUSED_FUNCTION = YES;
				GCC_WARN_UNUSED_VARIABLE = YES;
				IPHONEOS_DEPLOYMENT_TARGET = 14.5;
				MTL_ENABLE_DEBUG_INFO = INCLUDE_SOURCE;
				MTL_FAST_MATH = YES;
				ONLY_ACTIVE_ARCH = YES;
				SDKROOT = iphoneos;
				SWIFT_ACTIVE_COMPILATION_CONDITIONS = DEBUG;
				SWIFT_OPTIMIZATION_LEVEL = "-Onone";
			};
			name = Debug;
		};
		19FCFDC226FAFA700009B744 /* Release */ = {
			isa = XCBuildConfiguration;
			buildSettings = {
				ALWAYS_SEARCH_USER_PATHS = NO;
				CLANG_ANALYZER_NONNULL = YES;
				CLANG_ANALYZER_NUMBER_OBJECT_CONVERSION = YES_AGGRESSIVE;
				CLANG_CXX_LANGUAGE_STANDARD = "gnu++14";
				CLANG_CXX_LIBRARY = "libc++";
				CLANG_ENABLE_MODULES = YES;
				CLANG_ENABLE_OBJC_ARC = YES;
				CLANG_ENABLE_OBJC_WEAK = YES;
				CLANG_WARN_BLOCK_CAPTURE_AUTORELEASING = YES;
				CLANG_WARN_BOOL_CONVERSION = YES;
				CLANG_WARN_COMMA = YES;
				CLANG_WARN_CONSTANT_CONVERSION = YES;
				CLANG_WARN_DEPRECATED_OBJC_IMPLEMENTATIONS = YES;
				CLANG_WARN_DIRECT_OBJC_ISA_USAGE = YES_ERROR;
				CLANG_WARN_DOCUMENTATION_COMMENTS = YES;
				CLANG_WARN_EMPTY_BODY = YES;
				CLANG_WARN_ENUM_CONVERSION = YES;
				CLANG_WARN_INFINITE_RECURSION = YES;
				CLANG_WARN_INT_CONVERSION = YES;
				CLANG_WARN_NON_LITERAL_NULL_CONVERSION = YES;
				CLANG_WARN_OBJC_IMPLICIT_RETAIN_SELF = YES;
				CLANG_WARN_OBJC_LITERAL_CONVERSION = YES;
				CLANG_WARN_OBJC_ROOT_CLASS = YES_ERROR;
				CLANG_WARN_QUOTED_INCLUDE_IN_FRAMEWORK_HEADER = YES;
				CLANG_WARN_RANGE_LOOP_ANALYSIS = YES;
				CLANG_WARN_STRICT_PROTOTYPES = YES;
				CLANG_WARN_SUSPICIOUS_MOVE = YES;
				CLANG_WARN_UNGUARDED_AVAILABILITY = YES_AGGRESSIVE;
				CLANG_WARN_UNREACHABLE_CODE = YES;
				CLANG_WARN__DUPLICATE_METHOD_MATCH = YES;
				COPY_PHASE_STRIP = NO;
				DEBUG_INFORMATION_FORMAT = "dwarf-with-dsym";
				ENABLE_NS_ASSERTIONS = NO;
				ENABLE_STRICT_OBJC_MSGSEND = YES;
				GCC_C_LANGUAGE_STANDARD = gnu11;
				GCC_NO_COMMON_BLOCKS = YES;
				GCC_WARN_64_TO_32_BIT_CONVERSION = YES;
				GCC_WARN_ABOUT_RETURN_TYPE = YES_ERROR;
				GCC_WARN_UNDECLARED_SELECTOR = YES;
				GCC_WARN_UNINITIALIZED_AUTOS = YES_AGGRESSIVE;
				GCC_WARN_UNUSED_FUNCTION = YES;
				GCC_WARN_UNUSED_VARIABLE = YES;
				IPHONEOS_DEPLOYMENT_TARGET = 14.5;
				MTL_ENABLE_DEBUG_INFO = NO;
				MTL_FAST_MATH = YES;
				SDKROOT = iphoneos;
				SWIFT_COMPILATION_MODE = wholemodule;
				SWIFT_OPTIMIZATION_LEVEL = "-O";
				VALIDATE_PRODUCT = YES;
			};
			name = Release;
		};
		19FCFDC426FAFA700009B744 /* Debug */ = {
			isa = XCBuildConfiguration;
			buildSettings = {
				ASSETCATALOG_COMPILER_APPICON_NAME = AppIcon;
				ASSETCATALOG_COMPILER_GLOBAL_ACCENT_COLOR_NAME = AccentColor;
				CODE_SIGN_STYLE = Automatic;
				DEVELOPMENT_ASSET_PATHS = "\"FaceAR/Preview Content\"";
				DEVELOPMENT_TEAM = JYYFDKR9WN;
				ENABLE_PREVIEWS = YES;
				INFOPLIST_FILE = FaceAR/Info.plist;
				LD_RUNPATH_SEARCH_PATHS = (
					"$(inherited)",
					"@executable_path/Frameworks",
				);
				PRODUCT_BUNDLE_IDENTIFIER = dev.prosvirnin.FaceAR;
				PRODUCT_NAME = "$(TARGET_NAME)";
				SWIFT_VERSION = 5.0;
				TARGETED_DEVICE_FAMILY = "1,2";
			};
			name = Debug;
		};
		19FCFDC526FAFA700009B744 /* Release */ = {
			isa = XCBuildConfiguration;
			buildSettings = {
				ASSETCATALOG_COMPILER_APPICON_NAME = AppIcon;
				ASSETCATALOG_COMPILER_GLOBAL_ACCENT_COLOR_NAME = AccentColor;
				CODE_SIGN_STYLE = Automatic;
				DEVELOPMENT_ASSET_PATHS = "\"FaceAR/Preview Content\"";
				DEVELOPMENT_TEAM = JYYFDKR9WN;
				ENABLE_PREVIEWS = YES;
				INFOPLIST_FILE = FaceAR/Info.plist;
				LD_RUNPATH_SEARCH_PATHS = (
					"$(inherited)",
					"@executable_path/Frameworks",
				);
				PRODUCT_BUNDLE_IDENTIFIER = dev.prosvirnin.FaceAR;
				PRODUCT_NAME = "$(TARGET_NAME)";
				SWIFT_VERSION = 5.0;
				TARGETED_DEVICE_FAMILY = "1,2";
			};
			name = Release;
		};
/* End XCBuildConfiguration section */

/* Begin XCConfigurationList section */
		19FCFDAA26FAFA6E0009B744 /* Build configuration list for PBXProject "FaceAR" */ = {
			isa = XCConfigurationList;
			buildConfigurations = (
				19FCFDC126FAFA700009B744 /* Debug */,
				19FCFDC226FAFA700009B744 /* Release */,
			);
			defaultConfigurationIsVisible = 0;
			defaultConfigurationName = Release;
		};
		19FCFDC326FAFA700009B744 /* Build configuration list for PBXNativeTarget "FaceAR" */ = {
			isa = XCConfigurationList;
			buildConfigurations = (
				19FCFDC426FAFA700009B744 /* Debug */,
				19FCFDC526FAFA700009B744 /* Release */,
			);
			defaultConfigurationIsVisible = 0;
			defaultConfigurationName = Release;
		};
/* End XCConfigurationList section */
	};
	rootObject = 19FCFDA726FAFA6E0009B744 /* Project object */;
}
